# generated by scripts/update_packages.zsh — do not edit by hand
brew act 0.2.89
brew actionlint 1.7.12
brew ada-url 4.0.0
brew ansible 14.3.1
brew asdf 0.20.0
brew bash 5.3.15
brew brotli 1.2.0
brew btop 1.4.7
brew bun 1.4.0
brew c-ares 1.34.8
brew ca-certificates 2026-08-13
brew cairo 1.18.4
brew certifi 2026.7.22
brew cffi 2.1.1
brew cryptography 50.0.1
brew curl 8.21.0
brew dav1d 1.5.4
brew deno 2.9.6
brew displayplacer 1.4.0
brew docker 29.7.2
brew docker-compose 5.5.0
brew exiftool 13.55_1
brew ffmpeg 9.0.1_1
brew fmt 12.2.0
brew fontconfig 2.18.3
brew freetype 2.14.3
brew fzf 0.74.3
brew gettext 1.0
brew gh 2.98.0
brew giflib 6.1.3
brew git-delta 0.19.2
brew github-release 0.11.0
brew glib 2.88.3
brew gmp 6.3.0
brew gnupg 2.5.21
brew gnutls 3.8.13_2
brew gpgme 2.1.2
brew gpgmepp 2.1.0
brew groonga 16.0.9
brew hdrhistogram_c 0.11.10
brew htop 3.5.3
brew hugo 0.165.0
brew ical-buddy 1.10.1_1
brew icu4c@78 78.3
brew jemalloc 5.3.1
brew jpeg-turbo 3.2.0
brew jq 1.8.2
brew json-c 0.19
brew just 1.58.0
brew krb5 1.22.2
brew lame 4.0
brew lazydocker 0.25.2
brew lazygit 0.64.1
brew libassuan 3.0.2
brew libevent 2.1.13
brew libffi 3.8.0
brew libgcrypt 1.12.3
brew libgit2 1.9.7
brew libgpg-error 1.61
brew libidn2 2.3.8
brew libksba 1.8.1
brew libnghttp2 1.70.0
brew libnghttp3 1.18.0
brew libngtcp2 1.25.0
brew libpng 1.6.58
brew libpq 18.6
brew libpsl 0.23.3
brew libsodium 1.0.22
brew libssh 0.12.2
brew libssh2 1.11.1_4
brew libtasn1 4.21.0
brew libtiff 4.7.2
brew libunistring 1.4.2
brew libusb 1.0.30
brew libuv 1.52.1
brew libvmaf 3.2.0
brew libvpx 1.17.0
brew libx11 1.8.13
brew libxau 1.0.12
brew libxcb 1.17.0
brew libxdmcp 1.1.5
brew libxext 1.3.7
brew libxrender 0.9.12
brew libyaml 0.2.5
brew little-cms2 2.19.1
brew llhttp 9.4.3
brew llmfit 1.1.12
brew lpeg 1.1.0_2
brew luajit 2.1.1787165859
brew luv 1.52.1-0
brew lychee 0.24.2
brew lz4 1.10.0
brew lzo 2.10
brew mariadb 12.3.3
brew markscribe 0.6.0
brew mecab 0.996
brew mecab-ipadic 2.7.0-20070801
brew merve 1.2.2_2
brew mlx 0.32.1
brew mlx-c 0.6.0_4
brew mpdecimal 4.0.1
brew mpg123 1.33.7
brew msgpack 7.0.2
brew nbytes 0.1.4
brew ncurses 6.6
brew neovim 0.12.5
brew nettle 4.0
brew node 26.7.0
brew npth 1.8
brew nspr 4.40
brew nss 3.128
brew ollama 0.33.0
brew onigmo 6.2.0
brew oniguruma 6.9.10
brew opencode 1.18.25
brew openjpeg 2.5.4
brew openssl@3 3.6.3 3.6.2
brew opus 1.6.1
brew p11-kit 0.26.5
brew p7zip 17.06
brew pcre2 10.47_1
brew pinentry 1.3.3
brew pipx 1.16.7
brew pixman 0.46.4
brew poetry 2.4.1_4
brew poppler 26.08.0
brew pycparser 3.0
brew python@3.13 3.13.15
brew python@3.14 3.14.7
brew readline 8.3.3
brew ripgrep 15.2.0
brew sdl2-compat 2.32.70
brew sdl3 3.4.14
brew sesh 2.28.0
brew shellcheck 0.11.0
brew simdjson 4.6.9
brew simdutf 9.1.0
brew skills 1.5.23
brew sqlite 3.53.4
brew supabase 2.116.0
brew svt-av1 4.2.0
brew switchaudio-osx 1.2.2
brew tcld 0.55.0
brew temporal 1.8.3
brew temporal-cloud 0.1.0
brew tmux 3.7c
brew tree 2.3.2
brew tree-sitter 0.26.13
brew unar 1.10.8_7
brew unibilium 2.1.2
brew utf8proc 2.11.3
brew uv 0.12.7
brew uvwasi 0.0.23
brew webp 1.6.0
brew workmux 0.1.253
brew x264 r3222
brew x265 4.3
brew xorgproto 2025.1
brew xz 5.8.3
brew youtubedr 2.10.6
brew yt-dlp 2026.8.19
brew zoxide 0.10.0
brew zstd 1.5.7_1
brew aerospace 0.21.3-Beta
brew appcleaner 3.6.8
brew bitwarden 2026.8.0
brew claude 1.30096.5,6e13464cbd9c3dc0501fe5ecb0568e3d3e9ea77a
brew claude-code 2.1.236
brew clop 3.2.1
brew codex 0.150.1
brew codex-app 26.429.61741
brew dbeaver-community 26.1.5
brew docker-desktop 4.72.0,225998
brew figma 126.8.16
brew firefox 154.0.1
brew freefilesync 14.11
brew gcloud-cli 583.0.0
brew ghostty 1.3.1
brew google-chrome 152.0.7977.65
brew grandperspective 3.8.0
brew hammerspoon 1.1.1
brew handbrake-app 1.11.2
brew hiddenbar 1.10
brew imageoptim 1.9.3
brew jordanbaird-ice 0.11.12
brew keka 1.6.4
brew latest 0.11
brew logitech-g-hub 2026.2.861820
brew macwhisper 13.20,1410
brew microsoft-edge 152.0.4191.53,5978bacb-e3c1-46e9-bacf-09e801724fab
brew microsoft-office 16.108.26050324
brew ngrok 3.39.11,dy27whJwwmb,a
brew nordvpn 10.1.0
brew notion 7.23.0
brew obs 32.2.2
brew obsidian 1.13.7
brew ollama-app 0.33.1
brew photosweeper-x 5.5.5
brew popsql 1.0.135
brew proton-pass 1.39.1
brew raycast 1.104.15
brew shottr 1.9.1
brew slack 4.52.155
brew spotify 1.2.98.301
brew steam 6.0
brew t3-code 0.0.22
brew visual-studio-code 1.135.0
brew vlc 3.0.23
brew whatsapp 2.26.17.19
brew xbar 2.1.7-beta
brew zotero 10.0.1
asdf Name Version
asdf golang 1.27.1
asdf java temurin-21.0.12+101.0.LTS
asdf nodejs 26.8.2
asdf pnpm 12.4.1
asdf python 3.14.7
asdf rust 1.98.1
